// !$*UTF8*$!
{
	archiveVersion = 1;
	classes = {
	};
	objectVersion = 55;
	objects = {

/* Begin PBXBuildFile section */
		91F1302027CEFF9E003B4FA1 /* AppDelegate.swift in Sources */ = {isa = PBXBuildFile; fileRef = 91F1301F27CEFF9E003B4FA1 /* AppDelegate.swift */; };
		91F1302227CEFF9E003B4FA1 /* SceneDelegate.swift in Sources */ = {isa = PBXBuildFile; fileRef = 91F1302127CEFF9E003B4FA1 /* SceneDelegate.swift */; };
		91F1302427CEFF9E003B4FA1 /* MerchantHomePage.swift in Sources */ = {isa = PBXBuildFile; fileRef = 91F1302327CEFF9E003B4FA1 /* MerchantHomePage.swift */; };
		91F1302727CEFF9E003B4FA1 /* Main.storyboard in Resources */ = {isa = PBXBuildFile; fileRef = 91F1302527CEFF9E003B4FA1 /* Main.storyboard */; };
		91F1302927CEFFA0003B4FA1 /* Assets.xcassets in Resources */ = {isa = PBXBuildFile; fileRef = 91F1302827CEFFA0003B4FA1 /* Assets.xcassets */; };
		91F1302C27CEFFA0003B4FA1 /* LaunchScreen.storyboard in Resources */ = {isa = PBXBuildFile; fileRef = 91F1302A27CEFFA0003B4FA1 /* LaunchScreen.storyboard */; };
		91F1304827D0A884003B4FA1 /* MerchantHomePage+DataSource.swift in Sources */ = {isa = PBXBuildFile; fileRef = 91F1304727D0A884003B4FA1 /* MerchantHomePage+DataSource.swift */; };
		91F1304A27D0A8AD003B4FA1 /* MerchantHomePageCell.swift in Sources */ = {isa = PBXBuildFile; fileRef = 91F1304927D0A8AD003B4FA1 /* MerchantHomePageCell.swift */; };
		91F1304C27D0AC20003B4FA1 /* MerchantHomePage+DelegateFlowLayout.swift in Sources */ = {isa = PBXBuildFile; fileRef = 91F1304B27D0AC20003B4FA1 /* MerchantHomePage+DelegateFlowLayout.swift */; };
		91F1305127D0B030003B4FA1 /* DataModel.swift in Sources */ = {isa = PBXBuildFile; fileRef = 91F1305027D0B030003B4FA1 /* DataModel.swift */; };
		91F1305327D0B344003B4FA1 /* UIColor+Merchant.swift in Sources */ = {isa = PBXBuildFile; fileRef = 91F1305227D0B344003B4FA1 /* UIColor+Merchant.swift */; };
		91F1307727D1A25B003B4FA1 /* SettingViewController.swift in Sources */ = {isa = PBXBuildFile; fileRef = 91F1307527D1A25B003B4FA1 /* SettingViewController.swift */; };
		91F1307B27D1A279003B4FA1 /* ProfileViewController.swift in Sources */ = {isa = PBXBuildFile; fileRef = 91F1307927D1A278003B4FA1 /* ProfileViewController.swift */; };
		91F1307E27D1A452003B4FA1 /* TabBarController.swift in Sources */ = {isa = PBXBuildFile; fileRef = 91F1307D27D1A452003B4FA1 /* TabBarController.swift */; };
		91F1308227D1A8AD003B4FA1 /* ContactViewController.swift in Sources */ = {isa = PBXBuildFile; fileRef = 91F1308127D1A8AD003B4FA1 /* ContactViewController.swift */; };
/* End PBXBuildFile section */

/* Begin PBXFileReference section */
		91F1301C27CEFF9E003B4FA1 /* HomePageDemo.app */ = {isa = PBXFileReference; explicitFileType = wrapper.application; includeInIndex = 0; path = HomePageDemo.app; sourceTree = BUILT_PRODUCTS_DIR; };
		91F1301F27CEFF9E003B4FA1 /* AppDelegate.swift */ = {isa = PBXFileReference; lastKnownFileType = sourcecode.swift; path = AppDelegate.swift; sourceTree = "<group>"; };
		91F1302127CEFF9E003B4FA1 /* SceneDelegate.swift */ = {isa = PBXFileReference; lastKnownFileType = sourcecode.swift; path = SceneDelegate.swift; sourceTree = "<group>"; };
		91F1302327CEFF9E003B4FA1 /* MerchantHomePage.swift */ = {isa = PBXFileReference; lastKnownFileType = sourcecode.swift; path = MerchantHomePage.swift; sourceTree = "<group>"; };
		91F1302627CEFF9E003B4FA1 /* Base */ = {isa = PBXFileReference; lastKnownFileType = file.storyboard; name = Base; path = Base.lproj/Main.storyboard; sourceTree = "<group>"; };
		91F1302827CEFFA0003B4FA1 /* Assets.xcassets */ = {isa = PBXFileReference; lastKnownFileType = folder.assetcatalog; path = Assets.xcassets; sourceTree = "<group>"; };
		91F1302B27CEFFA0003B4FA1 /* Base */ = {isa = PBXFileReference; lastKnownFileType = file.storyboard; name = Base; path = Base.lproj/LaunchScreen.storyboard; sourceTree = "<group>"; };
		91F1302D27CEFFA0003B4FA1 /* Info.plist */ = {isa = PBXFileReference; lastKnownFileType = text.plist.xml; path = Info.plist; sourceTree = "<group>"; };
		91F1304727D0A884003B4FA1 /* MerchantHomePage+DataSource.swift */ = {isa = PBXFileReference; lastKnownFileType = sourcecode.swift; path = "MerchantHomePage+DataSource.swift"; sourceTree = "<group>"; };
		91F1304927D0A8AD003B4FA1 /* MerchantHomePageCell.swift */ = {isa = PBXFileReference; lastKnownFileType = sourcecode.swift; path = MerchantHomePageCell.swift; sourceTree = "<group>"; };
		91F1304B27D0AC20003B4FA1 /* MerchantHomePage+DelegateFlowLayout.swift */ = {isa = PBXFileReference; lastKnownFileType = sourcecode.swift; path = "MerchantHomePage+DelegateFlowLayout.swift"; sourceTree = "<group>"; };
		91F1305027D0B030003B4FA1 /* DataModel.swift */ = {isa = PBXFileReference; lastKnownFileType = sourcecode.swift; path = DataModel.swift; sourceTree = "<group>"; };
		91F1305227D0B344003B4FA1 /* UIColor+Merchant.swift */ = {isa = PBXFileReference; lastKnownFileType = sourcecode.swift; path = "UIColor+Merchant.swift"; sourceTree = "<group>"; };
		91F1307527D1A25B003B4FA1 /* SettingViewController.swift */ = {isa = PBXFileReference; lastKnownFileType = sourcecode.swift; path = SettingViewController.swift; sourceTree = "<group>"; };
		91F1307927D1A278003B4FA1 /* ProfileViewController.swift */ = {isa = PBXFileReference; lastKnownFileType = sourcecode.swift; path = ProfileViewController.swift; sourceTree = "<group>"; };
		91F1307D27D1A452003B4FA1 /* TabBarController.swift */ = {isa = PBXFileReference; lastKnownFileType = sourcecode.swift; path = TabBarController.swift; sourceTree = "<group>"; };
		91F1308127D1A8AD003B4FA1 /* ContactViewController.swift */ = {isa = PBXFileReference; lastKnownFileType = sourcecode.swift; path = ContactViewController.swift; sourceTree = "<group>"; };
/* End PBXFileReference section */

/* Begin PBXFrameworksBuildPhase section */
		91F1301927CEFF9E003B4FA1 /* Frameworks */ = {
			isa = PBXFrameworksBuildPhase;
			buildActionMask = 2147483647;
			files = (
			);
			runOnlyForDeploymentPostprocessing = 0;
		};
/* End PBXFrameworksBuildPhase section */

/* Begin PBXGroup section */
		91F1301327CEFF9E003B4FA1 = {
			isa = PBXGroup;
			children = (
				91F1301E27CEFF9E003B4FA1 /* HomePageDemo */,
				91F1301D27CEFF9E003B4FA1 /* Products */,
			);
			sourceTree = "<group>";
		};
		91F1301D27CEFF9E003B4FA1 /* Products */ = {
			isa = PBXGroup;
			children = (
				91F1301C27CEFF9E003B4FA1 /* HomePageDemo.app */,
			);
			name = Products;
			sourceTree = "<group>";
		};
		91F1301E27CEFF9E003B4FA1 /* HomePageDemo */ = {
			isa = PBXGroup;
			children = (
				91F1304F27D0B026003B4FA1 /* Model */,
				91F1304E27D0B01D003B4FA1 /* View */,
				91F1304D27D0B013003B4FA1 /* ViewController */,
				91F1301F27CEFF9E003B4FA1 /* AppDelegate.swift */,
				91F1302127CEFF9E003B4FA1 /* SceneDelegate.swift */,
				91F1302527CEFF9E003B4FA1 /* Main.storyboard */,
				91F1302827CEFFA0003B4FA1 /* Assets.xcassets */,
				91F1302A27CEFFA0003B4FA1 /* LaunchScreen.storyboard */,
				91F1302D27CEFFA0003B4FA1 /* Info.plist */,
			);
			path = HomePageDemo;
			sourceTree = "<group>";
		};
		91F1304D27D0B013003B4FA1 /* ViewController */ = {
			isa = PBXGroup;
			children = (
				91F1307D27D1A452003B4FA1 /* TabBarController.swift */,
				91F1307427D1A225003B4FA1 /* MerchantHome */,
				91F1307F27D1A459003B4FA1 /* Setting */,
				91F1308027D1A469003B4FA1 /* Profile */,
				91F1308327D1A8B2003B4FA1 /* Contact */,
			);
			path = ViewController;
			sourceTree = "<group>";
		};
		91F1304E27D0B01D003B4FA1 /* View */ = {
			isa = PBXGroup;
			children = (
				91F1304927D0A8AD003B4FA1 /* MerchantHomePageCell.swift */,
			);
			path = View;
			sourceTree = "<group>";
		};
		91F1304F27D0B026003B4FA1 /* Model */ = {
			isa = PBXGroup;
			children = (
				91F1305027D0B030003B4FA1 /* DataModel.swift */,
				91F1305227D0B344003B4FA1 /* UIColor+Merchant.swift */,
			);
			path = Model;
			sourceTree = "<group>";
		};
		91F1307427D1A225003B4FA1 /* MerchantHome */ = {
			isa = PBXGroup;
			children = (
				91F1302327CEFF9E003B4FA1 /* MerchantHomePage.swift */,
				91F1304727D0A884003B4FA1 /* MerchantHomePage+DataSource.swift */,
				91F1304B27D0AC20003B4FA1 /* MerchantHomePage+DelegateFlowLayout.swift */,
			);
			path = MerchantHome;
			sourceTree = "<group>";
		};
		91F1307F27D1A459003B4FA1 /* Setting */ = {
			isa = PBXGroup;
			children = (
				91F1307527D1A25B003B4FA1 /* SettingViewController.swift */,
			);
			path = Setting;
			sourceTree = "<group>";
		};
		91F1308027D1A469003B4FA1 /* Profile */ = {
			isa = PBXGroup;
			children = (
				91F1307927D1A278003B4FA1 /* ProfileViewController.swift */,
			);
			path = Profile;
			sourceTree = "<group>";
		};
		91F1308327D1A8B2003B4FA1 /* Contact */ = {
			isa = PBXGroup;
			children = (
				91F1308127D1A8AD003B4FA1 /* ContactViewController.swift */,
			);
			path = Contact;
			sourceTree = "<group>";
		};
/* End PBXGroup section */

/* Begin PBXNativeTarget section */
		91F1301B27CEFF9E003B4FA1 /* HomePageDemo */ = {
			isa = PBXNativeTarget;
			buildConfigurationList = 91F1303027CEFFA0003B4FA1 /* Build configuration list for PBXNativeTarget "HomePageDemo" */;
			buildPhases = (
				91F1301827CEFF9E003B4FA1 /* Sources */,
				91F1301927CEFF9E003B4FA1 /* Frameworks */,
				91F1301A27CEFF9E003B4FA1 /* Resources */,
			);
			buildRules = (
			);
			dependencies = (
			);
			name = HomePageDemo;
			productName = HomePageDemo;
			productReference = 91F1301C27CEFF9E003B4FA1 /* HomePageDemo.app */;
			productType = "com.apple.product-type.application";
		};
/* End PBXNativeTarget section */

/* Begin PBXProject section */
		91F1301427CEFF9E003B4FA1 /* Project object */ = {
			isa = PBXProject;
			attributes = {
				BuildIndependentTargetsInParallel = 1;
				LastSwiftUpdateCheck = 1320;
				LastUpgradeCheck = 1320;
				TargetAttributes = {
					91F1301B27CEFF9E003B4FA1 = {
						CreatedOnToolsVersion = 13.2.1;
					};
				};
			};
			buildConfigurationList = 91F1301727CEFF9E003B4FA1 /* Build configuration list for PBXProject "HomePageDemo" */;
			compatibilityVersion = "Xcode 13.0";
			developmentRegion = en;
			hasScannedForEncodings = 0;
			knownRegions = (
				en,
				Base,
			);
			mainGroup = 91F1301327CEFF9E003B4FA1;
			productRefGroup = 91F1301D27CEFF9E003B4FA1 /* Products */;
			projectDirPath = "";
			projectRoot = "";
			targets = (
				91F1301B27CEFF9E003B4FA1 /* HomePageDemo */,
			);
		};
/* End PBXProject section */

/* Begin PBXResourcesBuildPhase section */
		91F1301A27CEFF9E003B4FA1 /* Resources */ = {
			isa = PBXResourcesBuildPhase;
			buildActionMask = 2147483647;
			files = (
				91F1302C27CEFFA0003B4FA1 /* LaunchScreen.storyboard in Resources */,
				91F1302927CEFFA0003B4FA1 /* Assets.xcassets in Resources */,
				91F1302727CEFF9E003B4FA1 /* Main.storyboard in Resources */,
			);
			runOnlyForDeploymentPostprocessing = 0;
		};
/* End PBXResourcesBuildPhase section */

/* Begin PBXSourcesBuildPhase section */
		91F1301827CEFF9E003B4FA1 /* Sources */ = {
			isa = PBXSourcesBuildPhase;
			buildActionMask = 2147483647;
			files = (
				91F1305127D0B030003B4FA1 /* DataModel.swift in Sources */,
				91F1302427CEFF9E003B4FA1 /* MerchantHomePage.swift in Sources */,
				91F1307E27D1A452003B4FA1 /* TabBarController.swift in Sources */,
				91F1307B27D1A279003B4FA1 /* ProfileViewController.swift in Sources */,
				91F1302027CEFF9E003B4FA1 /* AppDelegate.swift in Sources */,
				91F1308227D1A8AD003B4FA1 /* ContactViewController.swift in Sources */,
				91F1305327D0B344003B4FA1 /* UIColor+Merchant.swift in Sources */,
				91F1304A27D0A8AD003B4FA1 /* MerchantHomePageCell.swift in Sources */,
				91F1307727D1A25B003B4FA1 /* SettingViewController.swift in Sources */,
				91F1304827D0A884003B4FA1 /* MerchantHomePage+DataSource.swift in Sources */,
				91F1304C27D0AC20003B4FA1 /* MerchantHomePage+DelegateFlowLayout.swift in Sources */,
				91F1302227CEFF9E003B4FA1 /* SceneDelegate.swift in Sources */,
			);
			runOnlyForDeploymentPostprocessing = 0;
		};
/* End PBXSourcesBuildPhase section */

/* Begin PBXVariantGroup section */
		91F1302527CEFF9E003B4FA1 /* Main.storyboard */ = {
			isa = PBXVariantGroup;
			children = (
				91F1302627CEFF9E003B4FA1 /* Base */,
			);
			name = Main.storyboard;
			sourceTree = "<group>";
		};
		91F1302A27CEFFA0003B4FA1 /* LaunchScreen.storyboard */ = {
			isa = PBXVariantGroup;
			children = (
				91F1302B27CEFFA0003B4FA1 /* Base */,
			);
			name = LaunchScreen.storyboard;
			sourceTree = "<group>";
		};
/* End PBXVariantGroup section */

/* Begin XCBuildConfiguration section */
		91F1302E27CEFFA0003B4FA1 /* Debug */ = {
			isa = XCBuildConfiguration;
			buildSettings = {
				ALWAYS_SEARCH_USER_PATHS = NO;
				CLANG_ANALYZER_NONNULL = YES;
				CLANG_ANALYZER_NUMBER_OBJECT_CONVERSION = YES_AGGRESSIVE;
				CLANG_CXX_LANGUAGE_STANDARD = "gnu++17";
				CLANG_CXX_LIBRARY = "libc++";
				CLANG_ENABLE_MODULES = YES;
				CLANG_ENABLE_OBJC_ARC = YES;
				CLANG_ENABLE_OBJC_WEAK = YES;
				CLANG_WARN_BLOCK_CAPTURE_AUTORELEASING = YES;
				CLANG_WARN_BOOL_CONVERSION = YES;
				CLANG_WARN_COMMA = YES;
				CLANG_WARN_CONSTANT_CONVERSION = YES;
				CLANG_WARN_DEPRECATED_OBJC_IMPLEMENTATIONS = YES;
				CLANG_WARN_DIRECT_OBJC_ISA_USAGE = YES_ERROR;
				CLANG_WARN_DOCUMENTATION_COMMENTS = YES;
				CLANG_WARN_EMPTY_BODY = YES;
				CLANG_WARN_ENUM_CONVERSION = YES;
				CLANG_WARN_INFINITE_RECURSION = YES;
				CLANG_WARN_INT_CONVERSION = YES;
				CLANG_WARN_NON_LITERAL_NULL_CONVERSION = YES;
				CLANG_WARN_OBJC_IMPLICIT_RETAIN_SELF = YES;
				CLANG_WARN_OBJC_LITERAL_CONVERSION = YES;
				CLANG_WARN_OBJC_ROOT_CLASS = YES_ERROR;
				CLANG_WARN_QUOTED_INCLUDE_IN_FRAMEWORK_HEADER = YES;
				CLANG_WARN_RANGE_LOOP_ANALYSIS = YES;
				CLANG_WARN_STRICT_PROTOTYPES = YES;
				CLANG_WARN_SUSPICIOUS_MOVE = YES;
				CLANG_WARN_UNGUARDED_AVAILABILITY = YES_AGGRESSIVE;
				CLANG_WARN_UNREACHABLE_CODE = YES;
				CLANG_WARN__DUPLICATE_METHOD_MATCH = YES;
				COPY_PHASE_STRIP = NO;
				DEBUG_INFORMATION_FORMAT = dwarf;
				ENABLE_STRICT_OBJC_MSGSEND = YES;
				ENABLE_TESTABILITY = YES;
				GCC_C_LANGUAGE_STANDARD = gnu11;
				GCC_DYNAMIC_NO_PIC = NO;
				GCC_NO_COMMON_BLOCKS = YES;
				GCC_OPTIMIZATION_LEVEL = 0;
				GCC_PREPROCESSOR_DEFINITIONS = (
					"DEBUG=1",
					"$(inherited)",
				);
				GCC_WARN_64_TO_32_BIT_CONVERSION = YES;
				GCC_WARN_ABOUT_RETURN_TYPE = YES_ERROR;
				GCC_WARN_UNDECLARED_SELECTOR = YES;
				GCC_WARN_UNINITIALIZED_AUTOS = YES_AGGRESSIVE;
				GCC_WARN_UNUSED_FUNCTION = YES;
				GCC_WARN_UNUSED_VARIABLE = YES;
				IPHONEOS_DEPLOYMENT_TARGET = 15.2;
				MTL_ENABLE_DEBUG_INFO = INCLUDE_SOURCE;
				MTL_FAST_MATH = YES;
				ONLY_ACTIVE_ARCH = YES;
				SDKROOT = iphoneos;
				SWIFT_ACTIVE_COMPILATION_CONDITIONS = DEBUG;
				SWIFT_OPTIMIZATION_LEVEL = "-Onone";
			};
			name = Debug;
		};
		91F1302F27CEFFA0003B4FA1 /* Release */ = {
			isa = XCBuildConfiguration;
			buildSettings = {
				ALWAYS_SEARCH_USER_PATHS = NO;
				CLANG_ANALYZER_NONNULL = YES;
				CLANG_ANALYZER_NUMBER_OBJECT_CONVERSION = YES_AGGRESSIVE;
				CLANG_CXX_LANGUAGE_STANDARD = "gnu++17";
				CLANG_CXX_LIBRARY = "libc++";
				CLANG_ENABLE_MODULES = YES;
				CLANG_ENABLE_OBJC_ARC = YES;
				CLANG_ENABLE_OBJC_WEAK = YES;
				CLANG_WARN_BLOCK_CAPTURE_AUTORELEASING = YES;
				CLANG_WARN_BOOL_CONVERSION = YES;
				CLANG_WARN_COMMA = YES;
				CLANG_WARN_CONSTANT_CONVERSION = YES;
				CLANG_WARN_DEPRECATED_OBJC_IMPLEMENTATIONS = YES;
				CLANG_WARN_DIRECT_OBJC_ISA_USAGE = YES_ERROR;
				CLANG_WARN_DOCUMENTATION_COMMENTS = YES;
				CLANG_WARN_EMPTY_BODY = YES;
				CLANG_WARN_ENUM_CONVERSION = YES;
				CLANG_WARN_INFINITE_RECURSION = YES;
				CLANG_WARN_INT_CONVERSION = YES;
				CLANG_WARN_NON_LITERAL_NULL_CONVERSION = YES;
				CLANG_WARN_OBJC_IMPLICIT_RETAIN_SELF = YES;
				CLANG_WARN_OBJC_LITERAL_CONVERSION = YES;
				CLANG_WARN_OBJC_ROOT_CLASS = YES_ERROR;
				CLANG_WARN_QUOTED_INCLUDE_IN_FRAMEWORK_HEADER = YES;
				CLANG_WARN_RANGE_LOOP_ANALYSIS = YES;
				CLANG_WARN_STRICT_PROTOTYPES = YES;
				CLANG_WARN_SUSPICIOUS_MOVE = YES;
				CLANG_WARN_UNGUARDED_AVAILABILITY = YES_AGGRESSIVE;
				CLANG_WARN_UNREACHABLE_CODE = YES;
				CLANG_WARN__DUPLICATE_METHOD_MATCH = YES;
				COPY_PHASE_STRIP = NO;
				DEBUG_INFORMATION_FORMAT = "dwarf-with-dsym";
				ENABLE_NS_ASSERTIONS = NO;
				ENABLE_STRICT_OBJC_MSGSEND = YES;
				GCC_C_LANGUAGE_STANDARD = gnu11;
				GCC_NO_COMMON_BLOCKS = YES;
				GCC_WARN_64_TO_32_BIT_CONVERSION = YES;
				GCC_WARN_ABOUT_RETURN_TYPE = YES_ERROR;
				GCC_WARN_UNDECLARED_SELECTOR = YES;
				GCC_WARN_UNINITIALIZED_AUTOS = YES_AGGRESSIVE;
				GCC_WARN_UNUSED_FUNCTION = YES;
				GCC_WARN_UNUSED_VARIABLE = YES;
				IPHONEOS_DEPLOYMENT_TARGET = 15.2;
				MTL_ENABLE_DEBUG_INFO = NO;
				MTL_FAST_MATH = YES;
				SDKROOT = iphoneos;
				SWIFT_COMPILATION_MODE = wholemodule;
				SWIFT_OPTIMIZATION_LEVEL = "-O";
				VALIDATE_PRODUCT = YES;
			};
			name = Release;
		};
		91F1303127CEFFA0003B4FA1 /* Debug */ = {
			isa = XCBuildConfiguration;
			buildSettings = {
				ASSETCATALOG_COMPILER_APPICON_NAME = AppIcon;
				ASSETCATALOG_COMPILER_GLOBAL_ACCENT_COLOR_NAME = AccentColor;
				CODE_SIGN_STYLE = Automatic;
				CURRENT_PROJECT_VERSION = 1;
				DEVELOPMENT_TEAM = TJJZX2BJZP;
				GENERATE_INFOPLIST_FILE = YES;
				INFOPLIST_FILE = HomePageDemo/Info.plist;
				INFOPLIST_KEY_UIApplicationSupportsIndirectInputEvents = YES;
				INFOPLIST_KEY_UILaunchStoryboardName = LaunchScreen;
				INFOPLIST_KEY_UIMainStoryboardFile = Main;
				INFOPLIST_KEY_UISupportedInterfaceOrientations_iPad = "UIInterfaceOrientationPortrait UIInterfaceOrientationPortraitUpsideDown UIInterfaceOrientationLandscapeLeft UIInterfaceOrientationLandscapeRight";
				INFOPLIST_KEY_UISupportedInterfaceOrientations_iPhone = "UIInterfaceOrientationPortrait UIInterfaceOrientationLandscapeLeft UIInterfaceOrientationLandscapeRight";
				LD_RUNPATH_SEARCH_PATHS = (
					"$(inherited)",
					"@executable_path/Frameworks",
				);
				MARKETING_VERSION = 1.0;
				PRODUCT_BUNDLE_IDENTIFIER = Bennett.HomePageDemo;
				PRODUCT_NAME = "$(TARGET_NAME)";
				SWIFT_EMIT_LOC_STRINGS = YES;
				SWIFT_VERSION = 5.0;
				TARGETED_DEVICE_FAMILY = "1,2";
			};
			name = Debug;
		};
		91F1303227CEFFA0003B4FA1 /* Release */ = {
			isa = XCBuildConfiguration;
			buildSettings = {
				ASSETCATALOG_COMPILER_APPICON_NAME = AppIcon;
				ASSETCATALOG_COMPILER_GLOBAL_ACCENT_COLOR_NAME = AccentColor;
				CODE_SIGN_STYLE = Automatic;
				CURRENT_PROJECT_VERSION = 1;
				DEVELOPMENT_TEAM = TJJZX2BJZP;
				GENERATE_INFOPLIST_FILE = YES;
				INFOPLIST_FILE = HomePageDemo/Info.plist;
				INFOPLIST_KEY_UIApplicationSupportsIndirectInputEvents = YES;
				INFOPLIST_KEY_UILaunchStoryboardName = LaunchScreen;
				INFOPLIST_KEY_UIMainStoryboardFile = Main;
				INFOPLIST_KEY_UISupportedInterfaceOrientations_iPad = "UIInterfaceOrientationPortrait UIInterfaceOrientationPortraitUpsideDown UIInterfaceOrientationLandscapeLeft UIInterfaceOrientationLandscapeRight";
				INFOPLIST_KEY_UISupportedInterfaceOrientations_iPhone = "UIInterfaceOrientationPortrait UIInterfaceOrientationLandscapeLeft UIInterfaceOrientationLandscapeRight";
				LD_RUNPATH_SEARCH_PATHS = (
					"$(inherited)",
					"@executable_path/Frameworks",
				);
				MARKETING_VERSION = 1.0;
				PRODUCT_BUNDLE_IDENTIFIER = Bennett.HomePageDemo;
				PRODUCT_NAME = "$(TARGET_NAME)";
				SWIFT_EMIT_LOC_STRINGS = YES;
				SWIFT_VERSION = 5.0;
				TARGETED_DEVICE_FAMILY = "1,2";
			};
			name = Release;
		};
/* End XCBuildConfiguration section */

/* Begin XCConfigurationList section */
		91F1301727CEFF9E003B4FA1 /* Build configuration list for PBXProject "HomePageDemo" */ = {
			isa = XCConfigurationList;
			buildConfigurations = (
				91F1302E27CEFFA0003B4FA1 /* Debug */,
				91F1302F27CEFFA0003B4FA1 /* Release */,
			);
			defaultConfigurationIsVisible = 0;
			defaultConfigurationName = Release;
		};
		91F1303027CEFFA0003B4FA1 /* Build configuration list for PBXNativeTarget "HomePageDemo" */ = {
			isa = XCConfigurationList;
			buildConfigurations = (
				91F1303127CEFFA0003B4FA1 /* Debug */,
				91F1303227CEFFA0003B4FA1 /* Release */,
			);
			defaultConfigurationIsVisible = 0;
			defaultConfigurationName = Release;
		};
/* End XCConfigurationList section */
	};
	rootObject = 91F1301427CEFF9E003B4FA1 /* Project object */;
}
